
Microsoft Visual Studio Solution File, Format Version 12.00
# Visual Studio Version 16
VisualStudioVersion = 16.0.31515.178
MinimumVisualStudioVersion = 10.0.40219.1
Project("{9A19103F-16F7-4668-BE54-9A1E7A4F7556}") = "KampIntro", "KampIntro\KampIntro.csproj", "{9E1E2377-E936-49EF-8093-E65C281AD807}"
EndProject
Project("{9A19103F-16F7-4668-BE54-9A1E7A4F7556}") = "Donguler", "Donguler\Donguler.csproj", "{643E6DBB-61B5-410B-AA19-DA0B739DBD9F}"
EndProject
Project("{9A19103F-16F7-4668-BE54-9A1E7A4F7556}") = "ClassIntro", "ClassIntro\ClassIntro.csproj", "{C1D2EA69-8CCB-4659-9B11-818E6767D9D8}"
EndProject
Project("{9A19103F-16F7-4668-BE54-9A1E7A4F7556}") = "Metotlar", "Metotlar\Metotlar.csproj", "{6A3F7694-5CD7-4435-A0BF-D0C34E36E652}"
EndProject
Project("{FAE04EC0-301F-11D3-BF4B-00C04F79EFBC}") = "Matematik", "Matematik\Matematik.csproj", "{6B0AEC87-150D-495A-8925-0FA435ADE092}"
EndProject
Project("{FAE04EC0-301F-11D3-BF4B-00C04F79EFBC}") = "DegerVeReferansTipler", "DegerVeReferansTipler\DegerVeReferansTipler.csproj", "{E4CFFCC7-0563-4996-BBD1-B15C6C6CDD73}"
EndProject
Global
	GlobalSection(SolutionConfigurationPlatforms) = preSolution
		Debug|Any CPU = Debug|Any CPU
		Release|Any CPU = Release|Any CPU
	EndGlobalSection
	GlobalSection(ProjectConfigurationPlatforms) = postSolution
		{9E1E2377-E936-49EF-8093-E65C281AD807}.Debug|Any CPU.ActiveCfg = Debug|Any CPU
		{9E1E2377-E936-49EF-8093-E65C281AD807}.Debug|Any CPU.Build.0 = Debug|Any CPU
		{9E1E2377-E936-49EF-8093-E65C281AD807}.Release|Any CPU.ActiveCfg = Release|Any CPU
		{9E1E2377-E936-49EF-8093-E65C281AD807}.Release|Any CPU.Build.0 = Release|Any CPU
		{643E6DBB-61B5-410B-AA19-DA0B739DBD9F}.Debug|Any CPU.ActiveCfg = Debug|Any CPU
		{643E6DBB-61B5-410B-AA19-DA0B739DBD9F}.Debug|Any CPU.Build.0 = Debug|Any CPU
		{643E6DBB-61B5-410B-AA19-DA0B739DBD9F}.Release|Any CPU.ActiveCfg = Release|Any CPU
		{643E6DBB-61B5-410B-AA19-DA0B739DBD9F}.Release|Any CPU.Build.0 = Release|Any CPU
		{C1D2EA69-8CCB-4659-9B11-818E6767D9D8}.Debug|Any CPU.ActiveCfg = Debug|Any CPU
		{C1D2EA69-8CCB-4659-9B11-818E6767D9D8}.Debug|Any CPU.Build.0 = Debug|Any CPU
		{C1D2EA69-8CCB-4659-9B11-818E6767D9D8}.Release|Any CPU.ActiveCfg = Release|Any CPU
		{C1D2EA69-8CCB-4659-9B11-818E6767D9D8}.Release|Any CPU.Build.0 = Release|Any CPU
		{6A3F7694-5CD7-4435-A0BF-D0C34E36E652}.Debug|Any CPU.ActiveCfg = Debug|Any CPU
		{6A3F7694-5CD7-4435-A0BF-D0C34E36E652}.Debug|Any CPU.Build.0 = Debug|Any CPU
		{6A3F7694-5CD7-4435-A0BF-D0C34E36E652}.Release|Any CPU.ActiveCfg = Release|Any CPU
		{6A3F7694-5CD7-4435-A0BF-D0C34E36E652}.Release|Any CPU.Build.0 = Release|Any CPU
		{6B0AEC87-150D-495A-8925-0FA435ADE092}.Debug|Any CPU.ActiveCfg = Debug|Any CPU
		{6B0AEC87-150D-495A-8925-0FA435ADE092}.Debug|Any CPU.Build.0 = Debug|Any CPU
		{6B0AEC87-150D-495A-8925-0FA435ADE092}.Release|Any CPU.ActiveCfg = Release|Any CPU
		{6B0AEC87-150D-495A-8925-0FA435ADE092}.Release|Any CPU.Build.0 = Release|Any CPU
		{E4CFFCC7-0563-4996-BBD1-B15C6C6CDD73}.Debug|Any CPU.ActiveCfg = Debug|Any CPU
		{E4CFFCC7-0563-4996-BBD1-B15C6C6CDD73}.Debug|Any CPU.Build.0 = Debug|Any CPU
		{E4CFFCC7-0563-4996-BBD1-B15C6C6CDD73}.Release|Any CPU.ActiveCfg = Release|Any CPU
		{E4CFFCC7-0563-4996-BBD1-B15C6C6CDD73}.Release|Any CPU.Build.0 = Release|Any CPU
	EndGlobalSection
	GlobalSection(SolutionProperties) = preSolution
		HideSolutionNode = FALSE
	EndGlobalSection
	GlobalSection(ExtensibilityGlobals) = postSolution
		SolutionGuid = {5AA6E1C9-E8C5-4E13-AC24-2FC0563B05DD}
	EndGlobalSection
EndGlobal
